dependencies:
  espressif/esp_serial_slave_link:
    component_hash: 8c534b7d4986ca0e4c41db71f559492b795ab862f1d15359d7993034696b7bcc
    dependencies:
    - name: idf
      require: private
      version: '>=5.0'
    source:
      registry_url: https://components.espressif.com/
      type: service
    version: 1.1.0
  idf:
    source:
      type: idf
    version: 5.3.2
direct_dependencies:
- espressif/esp_serial_slave_link
- idf
manifest_hash: ad9f17ffa191a4ae6622c971a2a760eb21e084073fd1af3ecdcaa6e1d1276a00
target: esp32c6
version: 2.0.0
